// !$*UTF8*$!
{
	archiveVersion = 1;
	classes = {
	};
	objectVersion = 48;
	objects = {

/* Begin PBXBuildFile section */
		300F1F6C1FE9521B0061C95E /* AppDelegate.m in Sources */ = {isa = PBXBuildFile; fileRef = 300F1F6B1FE9521B0061C95E /* AppDelegate.m */; };
		300F1F741FE9521B0061C95E /* Assets.xcassets in Resources */ = {isa = PBXBuildFile; fileRef = 300F1F731FE9521B0061C95E /* Assets.xcassets */; };
		300F1F771FE9521B0061C95E /* LaunchScreen.storyboard in Resources */ = {isa = PBXBuildFile; fileRef = 300F1F751FE9521B0061C95E /* LaunchScreen.storyboard */; };
		300F1F7A1FE9521B0061C95E /* main.m in Sources */ = {isa = PBXBuildFile; fileRef = 300F1F791FE9521B0061C95E /* main.m */; };
		300F1F831FE9526E0061C95E /* Home_ViewController.m in Sources */ = {isa = PBXBuildFile; fileRef = 300F1F811FE9526E0061C95E /* Home_ViewController.m */; };
		300F1F841FE9526E0061C95E /* Home_ViewController.xib in Resources */ = {isa = PBXBuildFile; fileRef = 300F1F821FE9526E0061C95E /* Home_ViewController.xib */; };
/* End PBXBuildFile section */

/* Begin PBXFileReference section */
		300F1F671FE9521B0061C95E /* Loan Calculator.app */ = {isa = PBXFileReference; explicitFileType = wrapper.application; includeInIndex = 0; path = "Loan Calculator.app"; sourceTree = BUILT_PRODUCTS_DIR; };
		300F1F6A1FE9521B0061C95E /* AppDelegate.h */ = {isa = PBXFileReference; lastKnownFileType = sourcecode.c.h; path = AppDelegate.h; sourceTree = "<group>"; };
		300F1F6B1FE9521B0061C95E /* AppDelegate.m */ = {isa = PBXFileReference; lastKnownFileType = sourcecode.c.objc; path = AppDelegate.m; sourceTree = "<group>"; };
		300F1F731FE9521B0061C95E /* Assets.xcassets */ = {isa = PBXFileReference; lastKnownFileType = folder.assetcatalog; path = Assets.xcassets; sourceTree = "<group>"; };
		300F1F761FE9521B0061C95E /* Base */ = {isa = PBXFileReference; lastKnownFileType = file.storyboard; name = Base; path = Base.lproj/LaunchScreen.storyboard; sourceTree = "<group>"; };
		300F1F781FE9521B0061C95E /* Info.plist */ = {isa = PBXFileReference; lastKnownFileType = text.plist.xml; path = Info.plist; sourceTree = "<group>"; };
		300F1F791FE9521B0061C95E /* main.m */ = {isa = PBXFileReference; lastKnownFileType = sourcecode.c.objc; path = main.m; sourceTree = "<group>"; };
		300F1F801FE9526D0061C95E /* Home_ViewController.h */ = {isa = PBXFileReference; lastKnownFileType = sourcecode.c.h; name = Home_ViewController.h; path = ../HomeView/Home_ViewController.h; sourceTree = "<group>"; };
		300F1F811FE9526E0061C95E /* Home_ViewController.m */ = {isa = PBXFileReference; lastKnownFileType = sourcecode.c.objc; name = Home_ViewController.m; path = ../HomeView/Home_ViewController.m; sourceTree = "<group>"; };
		300F1F821FE9526E0061C95E /* Home_ViewController.xib */ = {isa = PBXFileReference; lastKnownFileType = file.xib; name = Home_ViewController.xib; path = ../HomeView/Home_ViewController.xib; sourceTree = "<group>"; };
/* End PBXFileReference section */

/* Begin PBXFrameworksBuildPhase section */
		300F1F641FE9521B0061C95E /* Frameworks */ = {
			isa = PBXFrameworksBuildPhase;
			buildActionMask = 2147483647;
			files = (
			);
			runOnlyForDeploymentPostprocessing = 0;
		};
/* End PBXFrameworksBuildPhase section */

/* Begin PBXGroup section */
		300F1F5E1FE9521B0061C95E = {
			isa = PBXGroup;
			children = (
				300F1F691FE9521B0061C95E /* Loan Calculator */,
				300F1F681FE9521B0061C95E /* Products */,
			);
			sourceTree = "<group>";
		};
		300F1F681FE9521B0061C95E /* Products */ = {
			isa = PBXGroup;
			children = (
				300F1F671FE9521B0061C95E /* Loan Calculator.app */,
			);
			name = Products;
			sourceTree = "<group>";
		};
		300F1F691FE9521B0061C95E /* Loan Calculator */ = {
			isa = PBXGroup;
			children = (
				300F1F6A1FE9521B0061C95E /* AppDelegate.h */,
				300F1F6B1FE9521B0061C95E /* AppDelegate.m */,
				300F1F851FE952750061C95E /* HomeView */,
				300F1F731FE9521B0061C95E /* Assets.xcassets */,
				300F1F751FE9521B0061C95E /* LaunchScreen.storyboard */,
				300F1F781FE9521B0061C95E /* Info.plist */,
				300F1F791FE9521B0061C95E /* main.m */,
			);
			path = "Loan Calculator";
			sourceTree = "<group>";
		};
		300F1F851FE952750061C95E /* HomeView */ = {
			isa = PBXGroup;
			children = (
				300F1F801FE9526D0061C95E /* Home_ViewController.h */,
				300F1F811FE9526E0061C95E /* Home_ViewController.m */,
				300F1F821FE9526E0061C95E /* Home_ViewController.xib */,
			);
			name = HomeView;
			path = "New Group";
			sourceTree = "<group>";
		};
/* End PBXGroup section */

/* Begin PBXNativeTarget section */
		300F1F661FE9521B0061C95E /* Loan Calculator */ = {
			isa = PBXNativeTarget;
			buildConfigurationList = 300F1F7D1FE9521B0061C95E /* Build configuration list for PBXNativeTarget "Loan Calculator" */;
			buildPhases = (
				300F1F631FE9521B0061C95E /* Sources */,
				300F1F641FE9521B0061C95E /* Frameworks */,
				300F1F651FE9521B0061C95E /* Resources */,
			);
			buildRules = (
			);
			dependencies = (
			);
			name = "Loan Calculator";
			productName = "Loan Calculator";
			productReference = 300F1F671FE9521B0061C95E /* Loan Calculator.app */;
			productType = "com.apple.product-type.application";
		};
/* End PBXNativeTarget section */

/* Begin PBXProject section */
		300F1F5F1FE9521B0061C95E /* Project object */ = {
			isa = PBXProject;
			attributes = {
				LastUpgradeCheck = 0910;
				ORGANIZATIONNAME = SK;
				TargetAttributes = {
					300F1F661FE9521B0061C95E = {
						CreatedOnToolsVersion = 9.1;
						ProvisioningStyle = Automatic;
					};
				};
			};
			buildConfigurationList = 300F1F621FE9521B0061C95E /* Build configuration list for PBXProject "Loan Calculator" */;
			compatibilityVersion = "Xcode 8.0";
			developmentRegion = en;
			hasScannedForEncodings = 0;
			knownRegions = (
				en,
				Base,
			);
			mainGroup = 300F1F5E1FE9521B0061C95E;
			productRefGroup = 300F1F681FE9521B0061C95E /* Products */;
			projectDirPath = "";
			projectRoot = "";
			targets = (
				300F1F661FE9521B0061C95E /* Loan Calculator */,
			);
		};
/* End PBXProject section */

/* Begin PBXResourcesBuildPhase section */
		300F1F651FE9521B0061C95E /* Resources */ = {
			isa = PBXResourcesBuildPhase;
			buildActionMask = 2147483647;
			files = (
				300F1F841FE9526E0061C95E /* Home_ViewController.xib in Resources */,
				300F1F771FE9521B0061C95E /* LaunchScreen.storyboard in Resources */,
				300F1F741FE9521B0061C95E /* Assets.xcassets in Resources */,
			);
			runOnlyForDeploymentPostprocessing = 0;
		};
/* End PBXResourcesBuildPhase section */

/* Begin PBXSourcesBuildPhase section */
		300F1F631FE9521B0061C95E /* Sources */ = {
			isa = PBXSourcesBuildPhase;
			buildActionMask = 2147483647;
			files = (
				300F1F831FE9526E0061C95E /* Home_ViewController.m in Sources */,
				300F1F7A1FE9521B0061C95E /* main.m in Sources */,
				300F1F6C1FE9521B0061C95E /* AppDelegate.m in Sources */,
			);
			runOnlyForDeploymentPostprocessing = 0;
		};
/* End PBXSourcesBuildPhase section */

/* Begin PBXVariantGroup section */
		300F1F751FE9521B0061C95E /* LaunchScreen.storyboard */ = {
			isa = PBXVariantGroup;
			children = (
				300F1F761FE9521B0061C95E /* Base */,
			);
			name = LaunchScreen.storyboard;
			sourceTree = "<group>";
		};
/* End PBXVariantGroup section */

/* Begin XCBuildConfiguration section */
		300F1F7B1FE9521B0061C95E /* Debug */ = {
			isa = XCBuildConfiguration;
			buildSettings = {
				ALWAYS_SEARCH_USER_PATHS = NO;
				CLANG_ANALYZER_NONNULL = YES;
				CLANG_ANALYZER_NUMBER_OBJECT_CONVERSION = YES_AGGRESSIVE;
				CLANG_CXX_LANGUAGE_STANDARD = "gnu++14";
				CLANG_CXX_LIBRARY = "libc++";
				CLANG_ENABLE_MODULES = YES;
				CLANG_ENABLE_OBJC_ARC = YES;
				CLANG_WARN_BLOCK_CAPTURE_AUTORELEASING = YES;
				CLANG_WARN_BOOL_CONVERSION = YES;
				CLANG_WARN_COMMA = YES;
				CLANG_WARN_CONSTANT_CONVERSION = YES;
				CLANG_WARN_DIRECT_OBJC_ISA_USAGE = YES_ERROR;
				CLANG_WARN_DOCUMENTATION_COMMENTS = YES;
				CLANG_WARN_EMPTY_BODY = YES;
				CLANG_WARN_ENUM_CONVERSION = YES;
				CLANG_WARN_INFINITE_RECURSION = YES;
				CLANG_WARN_INT_CONVERSION = YES;
				CLANG_WARN_NON_LITERAL_NULL_CONVERSION = YES;
				CLANG_WARN_OBJC_LITERAL_CONVERSION = YES;
				CLANG_WARN_OBJC_ROOT_CLASS = YES_ERROR;
				CLANG_WARN_RANGE_LOOP_ANALYSIS = YES;
				CLANG_WARN_STRICT_PROTOTYPES = YES;
				CLANG_WARN_SUSPICIOUS_MOVE = YES;
				CLANG_WARN_UNGUARDED_AVAILABILITY = YES_AGGRESSIVE;
				CLANG_WARN_UNREACHABLE_CODE = YES;
				CLANG_WARN__DUPLICATE_METHOD_MATCH = YES;
				CODE_SIGN_IDENTITY = "iPhone Developer";
				COPY_PHASE_STRIP = NO;
				DEBUG_INFORMATION_FORMAT = dwarf;
				ENABLE_STRICT_OBJC_MSGSEND = YES;
				ENABLE_TESTABILITY = YES;
				GCC_C_LANGUAGE_STANDARD = gnu11;
				GCC_DYNAMIC_NO_PIC = NO;
				GCC_NO_COMMON_BLOCKS = YES;
				GCC_OPTIMIZATION_LEVEL = 0;
				GCC_PREPROCESSOR_DEFINITIONS = (
					"DEBUG=1",
					"$(inherited)",
				);
				GCC_WARN_64_TO_32_BIT_CONVERSION = YES;
				GCC_WARN_ABOUT_RETURN_TYPE = YES_ERROR;
				GCC_WARN_UNDECLARED_SELECTOR = YES;
				GCC_WARN_UNINITIALIZED_AUTOS = YES_AGGRESSIVE;
				GCC_WARN_UNUSED_FUNCTION = YES;
				GCC_WARN_UNUSED_VARIABLE = YES;
				IPHONEOS_DEPLOYMENT_TARGET = 11.1;
				MTL_ENABLE_DEBUG_INFO = YES;
				ONLY_ACTIVE_ARCH = YES;
				SDKROOT = iphoneos;
			};
			name = Debug;
		};
		300F1F7C1FE9521B0061C95E /* Release */ = {
			isa = XCBuildConfiguration;
			buildSettings = {
				ALWAYS_SEARCH_USER_PATHS = NO;
				CLANG_ANALYZER_NONNULL = YES;
				CLANG_ANALYZER_NUMBER_OBJECT_CONVERSION = YES_AGGRESSIVE;
				CLANG_CXX_LANGUAGE_STANDARD = "gnu++14";
				CLANG_CXX_LIBRARY = "libc++";
				CLANG_ENABLE_MODULES = YES;
				CLANG_ENABLE_OBJC_ARC = YES;
				CLANG_WARN_BLOCK_CAPTURE_AUTORELEASING = YES;
				CLANG_WARN_BOOL_CONVERSION = YES;
				CLANG_WARN_COMMA = YES;
				CLANG_WARN_CONSTANT_CONVERSION = YES;
				CLANG_WARN_DIRECT_OBJC_ISA_USAGE = YES_ERROR;
				CLANG_WARN_DOCUMENTATION_COMMENTS = YES;
				CLANG_WARN_EMPTY_BODY = YES;
				CLANG_WARN_ENUM_CONVERSION = YES;
				CLANG_WARN_INFINITE_RECURSION = YES;
				CLANG_WARN_INT_CONVERSION = YES;
				CLANG_WARN_NON_LITERAL_NULL_CONVERSION = YES;
				CLANG_WARN_OBJC_LITERAL_CONVERSION = YES;
				CLANG_WARN_OBJC_ROOT_CLASS = YES_ERROR;
				CLANG_WARN_RANGE_LOOP_ANALYSIS = YES;
				CLANG_WARN_STRICT_PROTOTYPES = YES;
				CLANG_WARN_SUSPICIOUS_MOVE = YES;
				CLANG_WARN_UNGUARDED_AVAILABILITY = YES_AGGRESSIVE;
				CLANG_WARN_UNREACHABLE_CODE = YES;
				CLANG_WARN__DUPLICATE_METHOD_MATCH = YES;
				CODE_SIGN_IDENTITY = "iPhone Developer";
				COPY_PHASE_STRIP = NO;
				DEBUG_INFORMATION_FORMAT = "dwarf-with-dsym";
				ENABLE_NS_ASSERTIONS = NO;
				ENABLE_STRICT_OBJC_MSGSEND = YES;
				GCC_C_LANGUAGE_STANDARD = gnu11;
				GCC_NO_COMMON_BLOCKS = YES;
				GCC_WARN_64_TO_32_BIT_CONVERSION = YES;
				GCC_WARN_ABOUT_RETURN_TYPE = YES_ERROR;
				GCC_WARN_UNDECLARED_SELECTOR = YES;
				GCC_WARN_UNINITIALIZED_AUTOS = YES_AGGRESSIVE;
				GCC_WARN_UNUSED_FUNCTION = YES;
				GCC_WARN_UNUSED_VARIABLE = YES;
				IPHONEOS_DEPLOYMENT_TARGET = 11.1;
				MTL_ENABLE_DEBUG_INFO = NO;
				SDKROOT = iphoneos;
				VALIDATE_PRODUCT = YES;
			};
			name = Release;
		};
		300F1F7E1FE9521B0061C95E /* Debug */ = {
			isa = XCBuildConfiguration;
			buildSettings = {
				ASSETCATALOG_COMPILER_APPICON_NAME = AppIcon;
				CODE_SIGN_STYLE = Automatic;
				DEVELOPMENT_TEAM = 8B8486X3YJ;
				INFOPLIST_FILE = "Loan Calculator/Info.plist";
				IPHONEOS_DEPLOYMENT_TARGET = 8.0;
				LD_RUNPATH_SEARCH_PATHS = "$(inherited) @executable_path/Frameworks";
				PRODUCT_BUNDLE_IDENTIFIER = "com.sk.Loan-Calculator";
				PRODUCT_NAME = "$(TARGET_NAME)";
				TARGETED_DEVICE_FAMILY = "1,2";
			};
			name = Debug;
		};
		300F1F7F1FE9521B0061C95E /* Release */ = {
			isa = XCBuildConfiguration;
			buildSettings = {
				ASSETCATALOG_COMPILER_APPICON_NAME = AppIcon;
				CODE_SIGN_STYLE = Automatic;
				DEVELOPMENT_TEAM = 8B8486X3YJ;
				INFOPLIST_FILE = "Loan Calculator/Info.plist";
				IPHONEOS_DEPLOYMENT_TARGET = 8.0;
				LD_RUNPATH_SEARCH_PATHS = "$(inherited) @executable_path/Frameworks";
				PRODUCT_BUNDLE_IDENTIFIER = "com.sk.Loan-Calculator";
				PRODUCT_NAME = "$(TARGET_NAME)";
				TARGETED_DEVICE_FAMILY = "1,2";
			};
			name = Release;
		};
/* End XCBuildConfiguration section */

/* Begin XCConfigurationList section */
		300F1F621FE9521B0061C95E /* Build configuration list for PBXProject "Loan Calculator" */ = {
			isa = XCConfigurationList;
			buildConfigurations = (
				300F1F7B1FE9521B0061C95E /* Debug */,
				300F1F7C1FE9521B0061C95E /* Release */,
			);
			defaultConfigurationIsVisible = 0;
			defaultConfigurationName = Release;
		};
		300F1F7D1FE9521B0061C95E /* Build configuration list for PBXNativeTarget "Loan Calculator" */ = {
			isa = XCConfigurationList;
			buildConfigurations = (
				300F1F7E1FE9521B0061C95E /* Debug */,
				300F1F7F1FE9521B0061C95E /* Release */,
			);
			defaultConfigurationIsVisible = 0;
			defaultConfigurationName = Release;
		};
/* End XCConfigurationList section */
	};
	rootObject = 300F1F5F1FE9521B0061C95E /* Project object */;
}
